
Microsoft Visual Studio Solution File, Format Version 12.00
# Visual Studio Version 17
VisualStudioVersion = 17.6.33829.357
MinimumVisualStudioVersion = 10.0.40219.1
Project("{FAE04EC0-301F-11D3-BF4B-00C04F79EFBC}") = "Task2-5", "Task2-5\Task2-5.csproj", "{19568D16-BAB5-4FE9-B025-CCA435FA9F23}"
EndProject
Global
	GlobalSection(SolutionConfigurationPlatforms) = preSolution
		Debug|Any CPU = Debug|Any CPU
		Release|Any CPU = Release|Any CPU
	EndGlobalSection
	GlobalSection(ProjectConfigurationPlatforms) = postSolution
		{19568D16-BAB5-4FE9-B025-CCA435FA9F23}.Debug|Any CPU.ActiveCfg = Debug|Any CPU
		{19568D16-BAB5-4FE9-B025-CCA435FA9F23}.Debug|Any CPU.Build.0 = Debug|Any CPU
		{19568D16-BAB5-4FE9-B025-CCA435FA9F23}.Release|Any CPU.ActiveCfg = Release|Any CPU
		{19568D16-BAB5-4FE9-B025-CCA435FA9F23}.Release|Any CPU.Build.0 = Release|Any CPU
	EndGlobalSection
	GlobalSection(SolutionProperties) = preSolution
		HideSolutionNode = FALSE
	EndGlobalSection
	GlobalSection(ExtensibilityGlobals) = postSolution
		SolutionGuid = {37E092B7-6AEC-4BBB-BD85-5B9C03A693D5}
	EndGlobalSection
EndGlobal
