
Microsoft Visual Studio Solution File, Format Version 12.00
# Visual Studio Version 17
VisualStudioVersion = 17.6.33829.357
MinimumVisualStudioVersion = 10.0.40219.1
Project("{FAE04EC0-301F-11D3-BF4B-00C04F79EFBC}") = "SquareAndCubeOfNumbers0-10", "Task1-2\SquareAndCubeOfNumbers0-10.csproj", "{F5C581BD-23C1-491E-ACD9-C17D31B81B3C}"
EndProject
Global
	GlobalSection(SolutionConfigurationPlatforms) = preSolution
		Debug|Any CPU = Debug|Any CPU
		Release|Any CPU = Release|Any CPU
	EndGlobalSection
	GlobalSection(ProjectConfigurationPlatforms) = postSolution
		{F5C581BD-23C1-491E-ACD9-C17D31B81B3C}.Debug|Any CPU.ActiveCfg = Debug|Any CPU
		{F5C581BD-23C1-491E-ACD9-C17D31B81B3C}.Debug|Any CPU.Build.0 = Debug|Any CPU
		{F5C581BD-23C1-491E-ACD9-C17D31B81B3C}.Release|Any CPU.ActiveCfg = Release|Any CPU
		{F5C581BD-23C1-491E-ACD9-C17D31B81B3C}.Release|Any CPU.Build.0 = Release|Any CPU
	EndGlobalSection
	GlobalSection(SolutionProperties) = preSolution
		HideSolutionNode = FALSE
	EndGlobalSection
	GlobalSection(ExtensibilityGlobals) = postSolution
		SolutionGuid = {AE0F3EB1-54A7-4B46-A6C7-D2D1A59D0947}
	EndGlobalSection
EndGlobal
