
Microsoft Visual Studio Solution File, Format Version 12.00
# Visual Studio Version 17
VisualStudioVersion = 17.6.33829.357
MinimumVisualStudioVersion = 10.0.40219.1
Project("{FAE04EC0-301F-11D3-BF4B-00C04F79EFBC}") = "Task2-3", "Task2-3\Task2-3.csproj", "{878A0EC8-0E01-4694-809D-E4279C890A20}"
EndProject
Global
	GlobalSection(SolutionConfigurationPlatforms) = preSolution
		Debug|Any CPU = Debug|Any CPU
		Release|Any CPU = Release|Any CPU
	EndGlobalSection
	GlobalSection(ProjectConfigurationPlatforms) = postSolution
		{878A0EC8-0E01-4694-809D-E4279C890A20}.Debug|Any CPU.ActiveCfg = Debug|Any CPU
		{878A0EC8-0E01-4694-809D-E4279C890A20}.Debug|Any CPU.Build.0 = Debug|Any CPU
		{878A0EC8-0E01-4694-809D-E4279C890A20}.Release|Any CPU.ActiveCfg = Release|Any CPU
		{878A0EC8-0E01-4694-809D-E4279C890A20}.Release|Any CPU.Build.0 = Release|Any CPU
	EndGlobalSection
	GlobalSection(SolutionProperties) = preSolution
		HideSolutionNode = FALSE
	EndGlobalSection
	GlobalSection(ExtensibilityGlobals) = postSolution
		SolutionGuid = {2E2C54B3-E086-4313-A46E-0214DF65D27A}
	EndGlobalSection
EndGlobal
