
Microsoft Visual Studio Solution File, Format Version 12.00
# Visual Studio Version 17
VisualStudioVersion = 17.6.33829.357
MinimumVisualStudioVersion = 10.0.40219.1
Project("{FAE04EC0-301F-11D3-BF4B-00C04F79EFBC}") = "BiggestAndSmallestNumberInArray", "BiggestAndSmallestNumberInArray\BiggestAndSmallestNumberInArray.csproj", "{EA13598B-738D-495A-9C56-D870DBB5AA1F}"
EndProject
Global
	GlobalSection(SolutionConfigurationPlatforms) = preSolution
		Debug|Any CPU = Debug|Any CPU
		Release|Any CPU = Release|Any CPU
	EndGlobalSection
	GlobalSection(ProjectConfigurationPlatforms) = postSolution
		{EA13598B-738D-495A-9C56-D870DBB5AA1F}.Debug|Any CPU.ActiveCfg = Debug|Any CPU
		{EA13598B-738D-495A-9C56-D870DBB5AA1F}.Debug|Any CPU.Build.0 = Debug|Any CPU
		{EA13598B-738D-495A-9C56-D870DBB5AA1F}.Release|Any CPU.ActiveCfg = Release|Any CPU
		{EA13598B-738D-495A-9C56-D870DBB5AA1F}.Release|Any CPU.Build.0 = Release|Any CPU
	EndGlobalSection
	GlobalSection(SolutionProperties) = preSolution
		HideSolutionNode = FALSE
	EndGlobalSection
	GlobalSection(ExtensibilityGlobals) = postSolution
		SolutionGuid = {354F21F5-DE7F-44EA-8278-52A500DEC58E}
	EndGlobalSection
EndGlobal
