
Microsoft Visual Studio Solution File, Format Version 12.00
# Visual Studio Version 17
VisualStudioVersion = 17.6.33829.357
MinimumVisualStudioVersion = 10.0.40219.1
Project("{FAE04EC0-301F-11D3-BF4B-00C04F79EFBC}") = "Task2-4", "Task2-4\Task2-4.csproj", "{97E33483-E1E3-45F0-BE18-F881DB6E2DAF}"
EndProject
Global
	GlobalSection(SolutionConfigurationPlatforms) = preSolution
		Debug|Any CPU = Debug|Any CPU
		Release|Any CPU = Release|Any CPU
	EndGlobalSection
	GlobalSection(ProjectConfigurationPlatforms) = postSolution
		{97E33483-E1E3-45F0-BE18-F881DB6E2DAF}.Debug|Any CPU.ActiveCfg = Debug|Any CPU
		{97E33483-E1E3-45F0-BE18-F881DB6E2DAF}.Debug|Any CPU.Build.0 = Debug|Any CPU
		{97E33483-E1E3-45F0-BE18-F881DB6E2DAF}.Release|Any CPU.ActiveCfg = Release|Any CPU
		{97E33483-E1E3-45F0-BE18-F881DB6E2DAF}.Release|Any CPU.Build.0 = Release|Any CPU
	EndGlobalSection
	GlobalSection(SolutionProperties) = preSolution
		HideSolutionNode = FALSE
	EndGlobalSection
	GlobalSection(ExtensibilityGlobals) = postSolution
		SolutionGuid = {3C789682-1C42-40BB-91D5-6A3986578371}
	EndGlobalSection
EndGlobal
